
Microsoft Visual Studio Solution File, Format Version 12.00
# Visual Studio 15
VisualStudioVersion = 15.0.26430.6
MinimumVisualStudioVersion = 10.0.40219.1
Project("{9A19103F-16F7-4668-BE54-9A1E7A4F7556}") = "TeamLeasing", "TeamLeasing\TeamLeasing.csproj", "{553D6DD7-A6CA-476C-8880-E76EDB1BB816}"
EndProject
Project("{FAE04EC0-301F-11D3-BF4B-00C04F79EFBC}") = "Testing", "Testing\Testing.csproj", "{12F06318-1062-47D1-9831-F36B211F7956}"
EndProject
Global
	GlobalSection(SolutionConfigurationPlatforms) = preSolution
		Debug|Any CPU = Debug|Any CPU
		Release|Any CPU = Release|Any CPU
	EndGlobalSection
	GlobalSection(ProjectConfigurationPlatforms) = postSolution
		{553D6DD7-A6CA-476C-8880-E76EDB1BB816}.Debug|Any CPU.ActiveCfg = Debug|Any CPU
		{553D6DD7-A6CA-476C-8880-E76EDB1BB816}.Debug|Any CPU.Build.0 = Debug|Any CPU
		{553D6DD7-A6CA-476C-8880-E76EDB1BB816}.Release|Any CPU.ActiveCfg = Release|Any CPU
		{553D6DD7-A6CA-476C-8880-E76EDB1BB816}.Release|Any CPU.Build.0 = Release|Any CPU
		{12F06318-1062-47D1-9831-F36B211F7956}.Debug|Any CPU.ActiveCfg = Debug|Any CPU
		{12F06318-1062-47D1-9831-F36B211F7956}.Debug|Any CPU.Build.0 = Debug|Any CPU
		{12F06318-1062-47D1-9831-F36B211F7956}.Release|Any CPU.ActiveCfg = Release|Any CPU
		{12F06318-1062-47D1-9831-F36B211F7956}.Release|Any CPU.Build.0 = Release|Any CPU
	EndGlobalSection
	GlobalSection(SolutionProperties) = preSolution
		HideSolutionNode = FALSE
	EndGlobalSection
EndGlobal
